
Microsoft Visual Studio Solution File, Format Version 12.00
# Visual Studio Version 17
VisualStudioVersion = 17.6.33829.357
MinimumVisualStudioVersion = 10.0.40219.1
Project("{2150E333-8FDC-42A3-9474-1A3956D46DE8}") = "ChainOfResponsibilityDesignPattern", "ChainOfResponsibilityDesignPattern", "{DDD39DB2-1A71-4488-9E08-9F477D842824}"
EndProject
Project("{FAE04EC0-301F-11D3-BF4B-00C04F79EFBC}") = "DesignPattern.ChainOfResponsibility", "ChainOfResponsibilityDesignPattern\DesignPattern.ChainOfResponsibility\DesignPattern.ChainOfResponsibility.csproj", "{8507750D-7E09-4110-A991-121E43F7FD71}"
EndProject
Global
	GlobalSection(SolutionConfigurationPlatforms) = preSolution
		Debug|Any CPU = Debug|Any CPU
		Release|Any CPU = Release|Any CPU
	EndGlobalSection
	GlobalSection(ProjectConfigurationPlatforms) = postSolution
		{8507750D-7E09-4110-A991-121E43F7FD71}.Debug|Any CPU.ActiveCfg = Debug|Any CPU
		{8507750D-7E09-4110-A991-121E43F7FD71}.Debug|Any CPU.Build.0 = Debug|Any CPU
		{8507750D-7E09-4110-A991-121E43F7FD71}.Release|Any CPU.ActiveCfg = Release|Any CPU
		{8507750D-7E09-4110-A991-121E43F7FD71}.Release|Any CPU.Build.0 = Release|Any CPU
	EndGlobalSection
	GlobalSection(SolutionProperties) = preSolution
		HideSolutionNode = FALSE
	EndGlobalSection
	GlobalSection(NestedProjects) = preSolution
		{8507750D-7E09-4110-A991-121E43F7FD71} = {DDD39DB2-1A71-4488-9E08-9F477D842824}
	EndGlobalSection
	GlobalSection(ExtensibilityGlobals) = postSolution
		SolutionGuid = {17BAC29F-CC8A-442A-9874-FF72C6E0E9A3}
	EndGlobalSection
EndGlobal
